
Microsoft Visual Studio Solution File, Format Version 12.00
# Visual Studio 15
VisualStudioVersion = 15.0.28307.572
MinimumVisualStudioVersion = 10.0.40219.1
Project("{FAE04EC0-301F-11D3-BF4B-00C04F79EFBC}") = "View", "View\View.csproj", "{957516B6-366C-49A5-8FA8-F6DAADB937D8}"
EndProject
Project("{FAE04EC0-301F-11D3-BF4B-00C04F79EFBC}") = "Model", "Model\Model.csproj", "{0A6F63A7-549A-4F0F-9393-75966088228B}"
EndProject
Project("{FAE04EC0-301F-11D3-BF4B-00C04F79EFBC}") = "Repository", "Repository\Repository.csproj", "{EDB17F6D-A396-4D50-9217-6840FDA43A7B}"
EndProject
Global
	GlobalSection(SolutionConfigurationPlatforms) = preSolution
		Debug|Any CPU = Debug|Any CPU
		Release|Any CPU = Release|Any CPU
	EndGlobalSection
	GlobalSection(ProjectConfigurationPlatforms) = postSolution
		{957516B6-366C-49A5-8FA8-F6DAADB937D8}.Debug|Any CPU.ActiveCfg = Debug|Any CPU
		{957516B6-366C-49A5-8FA8-F6DAADB937D8}.Debug|Any CPU.Build.0 = Debug|Any CPU
		{957516B6-366C-49A5-8FA8-F6DAADB937D8}.Release|Any CPU.ActiveCfg = Release|Any CPU
		{957516B6-366C-49A5-8FA8-F6DAADB937D8}.Release|Any CPU.Build.0 = Release|Any CPU
		{0A6F63A7-549A-4F0F-9393-75966088228B}.Debug|Any CPU.ActiveCfg = Debug|Any CPU
		{0A6F63A7-549A-4F0F-9393-75966088228B}.Debug|Any CPU.Build.0 = Debug|Any CPU
		{0A6F63A7-549A-4F0F-9393-75966088228B}.Release|Any CPU.ActiveCfg = Release|Any CPU
		{0A6F63A7-549A-4F0F-9393-75966088228B}.Release|Any CPU.Build.0 = Release|Any CPU
		{EDB17F6D-A396-4D50-9217-6840FDA43A7B}.Debug|Any CPU.ActiveCfg = Debug|Any CPU
		{EDB17F6D-A396-4D50-9217-6840FDA43A7B}.Debug|Any CPU.Build.0 = Debug|Any CPU
		{EDB17F6D-A396-4D50-9217-6840FDA43A7B}.Release|Any CPU.ActiveCfg = Release|Any CPU
		{EDB17F6D-A396-4D50-9217-6840FDA43A7B}.Release|Any CPU.Build.0 = Release|Any CPU
	EndGlobalSection
	GlobalSection(SolutionProperties) = preSolution
		HideSolutionNode = FALSE
	EndGlobalSection
	GlobalSection(ExtensibilityGlobals) = postSolution
		SolutionGuid = {02A5FE44-F0D5-4C1A-859D-95BDAED85416}
	EndGlobalSection
EndGlobal
